{
  "name": "OLC2_PROYECTO1_202112012",
  "lockfileVersion": 3,
  "requires": true,
  "packages": {
    "": {
      "dependencies": {
        "@aduh95/viz.js": "^3.7.0"
      }
    },
    "node_modules/@aduh95/viz.js": {
      "version": "3.7.0",
      "resolved": "https://registry.npmjs.org/@aduh95/viz.js/-/viz.js-3.7.0.tgz",
      "integrity": "sha512-20Pk2Z98fbPLkECcrZSJszKos/OgtvJJR3NcbVfgCJ6EQjDNzW2P1BKqImOz3tJ952dvO2DWEhcLhQ1Wz1e9ng=="
    }
  }
}
